
Microsoft Visual Studio Solution File, Format Version 12.00
# Visual Studio Version 16
VisualStudioVersion = 16.0.29920.165
MinimumVisualStudioVersion = 10.0.40219.1
Project("{9A19103F-16F7-4668-BE54-9A1E7A4F7556}") = "Lab5", "Lab5.csproj", "{357C5652-E46E-4CF0-9808-EA681FE515CA}"
EndProject
Global
	GlobalSection(SolutionConfigurationPlatforms) = preSolution
		Debug|Any CPU = Debug|Any CPU
		Release|Any CPU = Release|Any CPU
	EndGlobalSection
	GlobalSection(ProjectConfigurationPlatforms) = postSolution
		{357C5652-E46E-4CF0-9808-EA681FE515CA}.Debug|Any CPU.ActiveCfg = Debug|Any CPU
		{357C5652-E46E-4CF0-9808-EA681FE515CA}.Debug|Any CPU.Build.0 = Debug|Any CPU
		{357C5652-E46E-4CF0-9808-EA681FE515CA}.Release|Any CPU.ActiveCfg = Release|Any CPU
		{357C5652-E46E-4CF0-9808-EA681FE515CA}.Release|Any CPU.Build.0 = Release|Any CPU
	EndGlobalSection
	GlobalSection(SolutionProperties) = preSolution
		HideSolutionNode = FALSE
	EndGlobalSection
	GlobalSection(ExtensibilityGlobals) = postSolution
		SolutionGuid = {8F3855BB-060A-47AE-A1DE-F87C6736B2C8}
	EndGlobalSection
EndGlobal
